
Microsoft Visual Studio Solution File, Format Version 12.00
# Visual Studio Version 16
VisualStudioVersion = 16.0.31005.135
MinimumVisualStudioVersion = 10.0.40219.1
Project("{FAE04EC0-301F-11D3-BF4B-00C04F79EFBC}") = "Ejercicio2-146", "Ejercicio2-146\Ejercicio2-146.csproj", "{E82FF66B-B79E-44EF-8352-AAEB3D8CD05C}"
EndProject
Global
	GlobalSection(SolutionConfigurationPlatforms) = preSolution
		Debug|Any CPU = Debug|Any CPU
		Release|Any CPU = Release|Any CPU
	EndGlobalSection
	GlobalSection(ProjectConfigurationPlatforms) = postSolution
		{E82FF66B-B79E-44EF-8352-AAEB3D8CD05C}.Debug|Any CPU.ActiveCfg = Debug|Any CPU
		{E82FF66B-B79E-44EF-8352-AAEB3D8CD05C}.Debug|Any CPU.Build.0 = Debug|Any CPU
		{E82FF66B-B79E-44EF-8352-AAEB3D8CD05C}.Release|Any CPU.ActiveCfg = Release|Any CPU
		{E82FF66B-B79E-44EF-8352-AAEB3D8CD05C}.Release|Any CPU.Build.0 = Release|Any CPU
	EndGlobalSection
	GlobalSection(SolutionProperties) = preSolution
		HideSolutionNode = FALSE
	EndGlobalSection
	GlobalSection(ExtensibilityGlobals) = postSolution
		SolutionGuid = {BDD49BFA-EF23-4351-BE41-C03D8B988FD2}
	EndGlobalSection
EndGlobal
