
Microsoft Visual Studio Solution File, Format Version 12.00
# Visual Studio Version 16
VisualStudioVersion = 16.0.31005.135
MinimumVisualStudioVersion = 10.0.40219.1
Project("{FAE04EC0-301F-11D3-BF4B-00C04F79EFBC}") = "Factorial", "Factorial\Factorial.csproj", "{C02A1852-D017-454F-9231-5F2A93E0CD87}"
EndProject
Global
	GlobalSection(SolutionConfigurationPlatforms) = preSolution
		Debug|Any CPU = Debug|Any CPU
		Release|Any CPU = Release|Any CPU
	EndGlobalSection
	GlobalSection(ProjectConfigurationPlatforms) = postSolution
		{C02A1852-D017-454F-9231-5F2A93E0CD87}.Debug|Any CPU.ActiveCfg = Debug|Any CPU
		{C02A1852-D017-454F-9231-5F2A93E0CD87}.Debug|Any CPU.Build.0 = Debug|Any CPU
		{C02A1852-D017-454F-9231-5F2A93E0CD87}.Release|Any CPU.ActiveCfg = Release|Any CPU
		{C02A1852-D017-454F-9231-5F2A93E0CD87}.Release|Any CPU.Build.0 = Release|Any CPU
	EndGlobalSection
	GlobalSection(SolutionProperties) = preSolution
		HideSolutionNode = FALSE
	EndGlobalSection
	GlobalSection(ExtensibilityGlobals) = postSolution
		SolutionGuid = {ADF4483B-5FC4-45E5-ADCC-176C20F1DEDA}
	EndGlobalSection
EndGlobal
